{
  "nodes": {
    "crane": {
      "flake": false,
      "locked": {
        "lastModified": 1681175776,
        "narHash": "sha256-7SsUy9114fryHAZ8p1L6G6YSu7jjz55FddEwa2U8XZc=",
        "owner": "ipetkov",
        "repo": "crane",
        "rev": "445a3d222947632b5593112bb817850e8a9cf737",
        "type": "github"
      },
      "original": {
        "owner": "ipetkov",
        "ref": "v0.12.1",
        "repo": "crane",
        "type": "github"
      }
    },
    "crane_2": {
      "inputs": {
        "flake-compat": [
          "system-manager",
          "pre-commit-hooks",
          "flake-compat"
        ],
        "flake-utils": [
          "system-manager",
          "flake-utils"
        ],
        "nixpkgs": [
          "system-manager",
          "nixpkgs"
        ],
        "rust-overlay": [
          "system-manager",
          "rust-overlay"
        ]
      },
      "locked": {
        "lastModified": 1687131719,
        "narHash": "sha256-a9qkYyJBfkG5NYJ6+KSejCn55/CmCGcy7K1+DYWVl5Q=",
        "owner": "ipetkov",
        "repo": "crane",
        "rev": "9f6e7286c57b05eba113828d29a1974b57782372",
        "type": "github"
      },
      "original": {
        "owner": "ipetkov",
        "repo": "crane",
        "type": "github"
      }
    },
    "devshell": {
      "inputs": {
        "nixpkgs": [
          "system-manager",
          "nixpkgs"
        ],
        "systems": "systems_2"
      },
      "locked": {
        "lastModified": 1686680692,
        "narHash": "sha256-SsLZz3TDleraAiJq4EkmdyewSyiv5g0LZYc6vaLZOMQ=",
        "owner": "numtide",
        "repo": "devshell",
        "rev": "fd6223370774dd9c33354e87a007004b5fd36442",
        "type": "github"
      },
      "original": {
        "owner": "numtide",
        "repo": "devshell",
        "type": "github"
      }
    },
    "dream2nix": {
      "inputs": {
        "all-cabal-json": [
          "helix-master",
          "nci"
        ],
        "crane": "crane",
        "devshell": [
          "helix-master",
          "nci"
        ],
        "drv-parts": "drv-parts",
        "flake-compat": "flake-compat",
        "flake-parts": [
          "helix-master",
          "nci",
          "parts"
        ],
        "flake-utils-pre-commit": [
          "helix-master",
          "nci"
        ],
        "ghc-utils": [
          "helix-master",
          "nci"
        ],
        "gomod2nix": [
          "helix-master",
          "nci"
        ],
        "mach-nix": [
          "helix-master",
          "nci"
        ],
        "nix-pypi-fetcher": [
          "helix-master",
          "nci"
        ],
        "nixpkgs": [
          "helix-master",
          "nci",
          "nixpkgs"
        ],
        "nixpkgsV1": "nixpkgsV1",
        "poetry2nix": [
          "helix-master",
          "nci"
        ],
        "pre-commit-hooks": [
          "helix-master",
          "nci"
        ],
        "pruned-racket-catalog": [
          "helix-master",
          "nci"
        ]
      },
      "locked": {
        "lastModified": 1683212002,
        "narHash": "sha256-EObtqyQsv9v+inieRY5cvyCMCUI5zuU5qu+1axlJCPM=",
        "owner": "nix-community",
        "repo": "dream2nix",
        "rev": "fbfb09d2ab5ff761d822dd40b4a1def81651d096",
        "type": "github"
      },
      "original": {
        "owner": "nix-community",
        "repo": "dream2nix",
        "type": "github"
      }
    },
    "drv-parts": {
      "inputs": {
        "flake-compat": [
          "helix-master",
          "nci",
          "dream2nix",
          "flake-compat"
        ],
        "flake-parts": [
          "helix-master",
          "nci",
          "dream2nix",
          "flake-parts"
        ],
        "nixpkgs": [
          "helix-master",
          "nci",
          "dream2nix",
          "nixpkgs"
        ]
      },
      "locked": {
        "lastModified": 1680698112,
        "narHash": "sha256-FgnobN/DvCjEsc0UAZEAdPLkL4IZi2ZMnu2K2bUaElc=",
        "owner": "davhau",
        "repo": "drv-parts",
        "rev": "e8c2ec1157dc1edb002989669a0dbd935f430201",
        "type": "github"
      },
      "original": {
        "owner": "davhau",
        "repo": "drv-parts",
        "type": "github"
      }
    },
    "flake-compat": {
      "flake": false,
      "locked": {
        "lastModified": 1673956053,
        "narHash": "sha256-4gtG9iQuiKITOjNQQeQIpoIB6b16fm+504Ch3sNKLd8=",
        "owner": "edolstra",
        "repo": "flake-compat",
        "rev": "35bb57c0c8d8b62bbfd284272c928ceb64ddbde9",
        "type": "github"
      },
      "original": {
        "owner": "edolstra",
        "repo": "flake-compat",
        "type": "github"
      }
    },
    "flake-compat_2": {
      "flake": false,
      "locked": {
        "lastModified": 1673956053,
        "narHash": "sha256-4gtG9iQuiKITOjNQQeQIpoIB6b16fm+504Ch3sNKLd8=",
        "owner": "edolstra",
        "repo": "flake-compat",
        "rev": "35bb57c0c8d8b62bbfd284272c928ceb64ddbde9",
        "type": "github"
      },
      "original": {
        "owner": "edolstra",
        "repo": "flake-compat",
        "type": "github"
      }
    },
    "flake-utils": {
      "inputs": {
        "systems": "systems"
      },
      "locked": {
        "lastModified": 1681202837,
        "narHash": "sha256-H+Rh19JDwRtpVPAWp64F+rlEtxUWBAQW28eAi3SRSzg=",
        "owner": "numtide",
        "repo": "flake-utils",
        "rev": "cfacdce06f30d2b68473a46042957675eebb3401",
        "type": "github"
      },
      "original": {
        "owner": "numtide",
        "repo": "flake-utils",
        "type": "github"
      }
    },
    "gitignore": {
      "inputs": {
        "nixpkgs": [
          "system-manager",
          "pre-commit-hooks",
          "nixpkgs"
        ]
      },
      "locked": {
        "lastModified": 1660459072,
        "narHash": "sha256-8DFJjXG8zqoONA1vXtgeKXy68KdJL5UaXR8NtVMUbx8=",
        "owner": "hercules-ci",
        "repo": "gitignore.nix",
        "rev": "a20de23b925fd8264fd7fad6454652e142fd7f73",
        "type": "github"
      },
      "original": {
        "owner": "hercules-ci",
        "repo": "gitignore.nix",
        "type": "github"
      }
    },
    "helix-master": {
      "inputs": {
        "nci": "nci",
        "nixpkgs": "nixpkgs",
        "parts": "parts_2",
        "rust-overlay": "rust-overlay"
      },
      "locked": {
        "lastModified": 1687359162,
        "narHash": "sha256-tqyoRZxAgRmFS2kIhsIyoowDd74l54qC5YtKxgvUddU=",
        "owner": "helix-editor",
        "repo": "helix",
        "rev": "eb81cf3c013232fb1b01c51e9f3edba4cf39d977",
        "type": "github"
      },
      "original": {
        "owner": "helix-editor",
        "repo": "helix",
        "type": "github"
      }
    },
    "home-manager": {
      "inputs": {
        "nixpkgs": "nixpkgs_2"
      },
      "locked": {
        "lastModified": 1687365523,
        "narHash": "sha256-2l/cPXDCDVcLNm+EvCRGJcJ9YxxyLbc2vfTah/t8Qwc=",
        "owner": "nix-community",
        "repo": "home-manager",
        "rev": "1fefd7bb8da0eec6755747f410fa491411a94296",
        "type": "github"
      },
      "original": {
        "owner": "nix-community",
        "repo": "home-manager",
        "type": "github"
      }
    },
    "mk-naked-shell": {
      "flake": false,
      "locked": {
        "lastModified": 1681286841,
        "narHash": "sha256-3XlJrwlR0nBiREnuogoa5i1b4+w/XPe0z8bbrJASw0g=",
        "owner": "yusdacra",
        "repo": "mk-naked-shell",
        "rev": "7612f828dd6f22b7fb332cc69440e839d7ffe6bd",
        "type": "github"
      },
      "original": {
        "owner": "yusdacra",
        "repo": "mk-naked-shell",
        "type": "github"
      }
    },
    "nci": {
      "inputs": {
        "dream2nix": "dream2nix",
        "mk-naked-shell": "mk-naked-shell",
        "nixpkgs": [
          "helix-master",
          "nixpkgs"
        ],
        "parts": "parts",
        "rust-overlay": [
          "helix-master",
          "rust-overlay"
        ]
      },
      "locked": {
        "lastModified": 1683699050,
        "narHash": "sha256-UWKQpzVcSshB+sU2O8CCHjOSTQrNS7Kk9V3+UeBsJpg=",
        "owner": "yusdacra",
        "repo": "nix-cargo-integration",
        "rev": "ed27173cd1b223f598343ea3c15aacb1d140feac",
        "type": "github"
      },
      "original": {
        "owner": "yusdacra",
        "repo": "nix-cargo-integration",
        "type": "github"
      }
    },
    "nixpkgs": {
      "locked": {
        "lastModified": 1683408522,
        "narHash": "sha256-9kcPh6Uxo17a3kK3XCHhcWiV1Yu1kYj22RHiymUhMkU=",
        "owner": "nixos",
        "repo": "nixpkgs",
        "rev": "897876e4c484f1e8f92009fd11b7d988a121a4e7",
        "type": "github"
      },
      "original": {
        "owner": "nixos",
        "ref": "nixos-unstable",
        "repo": "nixpkgs",
        "type": "github"
      }
    },
    "nixpkgs-lib": {
      "locked": {
        "dir": "lib",
        "lastModified": 1682879489,
        "narHash": "sha256-sASwo8gBt7JDnOOstnps90K1wxmVfyhsTPPNTGBPjjg=",
        "owner": "NixOS",
        "repo": "nixpkgs",
        "rev": "da45bf6ec7bbcc5d1e14d3795c025199f28e0de0",
        "type": "github"
      },
      "original": {
        "dir": "lib",
        "owner": "NixOS",
        "ref": "nixos-unstable",
        "repo": "nixpkgs",
        "type": "github"
      }
    },
    "nixpkgs-stable": {
      "locked": {
        "lastModified": 1685801374,
        "narHash": "sha256-otaSUoFEMM+LjBI1XL/xGB5ao6IwnZOXc47qhIgJe8U=",
        "owner": "NixOS",
        "repo": "nixpkgs",
        "rev": "c37ca420157f4abc31e26f436c1145f8951ff373",
        "type": "github"
      },
      "original": {
        "owner": "NixOS",
        "ref": "nixos-23.05",
        "repo": "nixpkgs",
        "type": "github"
      }
    },
    "nixpkgsV1": {
      "locked": {
        "lastModified": 1678500271,
        "narHash": "sha256-tRBLElf6f02HJGG0ZR7znMNFv/Uf7b2fFInpTHiHaSE=",
        "owner": "NixOS",
        "repo": "nixpkgs",
        "rev": "5eb98948b66de29f899c7fe27ae112a47964baf8",
        "type": "github"
      },
      "original": {
        "id": "nixpkgs",
        "ref": "nixos-22.11",
        "type": "indirect"
      }
    },
    "nixpkgs_2": {
      "locked": {
        "lastModified": 1686960236,
        "narHash": "sha256-AYCC9rXNLpUWzD9hm+askOfpliLEC9kwAo7ITJc4HIw=",
        "owner": "nixos",
        "repo": "nixpkgs",
        "rev": "04af42f3b31dba0ef742d254456dc4c14eedac86",
        "type": "github"
      },
      "original": {
        "owner": "nixos",
        "ref": "nixos-unstable",
        "repo": "nixpkgs",
        "type": "github"
      }
    },
    "nixpkgs_3": {
      "locked": {
        "lastModified": 1687274257,
        "narHash": "sha256-TutzPriQcZ8FghDhEolnHcYU2oHIG5XWF+/SUBNnAOE=",
        "owner": "nixos",
        "repo": "nixpkgs",
        "rev": "2c9ecd1f0400076a4d6b2193ad468ff0a7e7fdc5",
        "type": "github"
      },
      "original": {
        "owner": "nixos",
        "ref": "nixpkgs-unstable",
        "repo": "nixpkgs",
        "type": "github"
      }
    },
    "parts": {
      "inputs": {
        "nixpkgs-lib": [
          "helix-master",
          "nci",
          "nixpkgs"
        ]
      },
      "locked": {
        "lastModified": 1683560683,
        "narHash": "sha256-XAygPMN5Xnk/W2c1aW0jyEa6lfMDZWlQgiNtmHXytPc=",
        "owner": "hercules-ci",
        "repo": "flake-parts",
        "rev": "006c75898cf814ef9497252b022e91c946ba8e17",
        "type": "github"
      },
      "original": {
        "owner": "hercules-ci",
        "repo": "flake-parts",
        "type": "github"
      }
    },
    "parts_2": {
      "inputs": {
        "nixpkgs-lib": "nixpkgs-lib"
      },
      "locked": {
        "lastModified": 1683560683,
        "narHash": "sha256-XAygPMN5Xnk/W2c1aW0jyEa6lfMDZWlQgiNtmHXytPc=",
        "owner": "hercules-ci",
        "repo": "flake-parts",
        "rev": "006c75898cf814ef9497252b022e91c946ba8e17",
        "type": "github"
      },
      "original": {
        "owner": "hercules-ci",
        "repo": "flake-parts",
        "type": "github"
      }
    },
    "pre-commit-hooks": {
      "inputs": {
        "flake-compat": "flake-compat_2",
        "flake-utils": [
          "system-manager",
          "flake-utils"
        ],
        "gitignore": "gitignore",
        "nixpkgs": [
          "system-manager",
          "nixpkgs"
        ],
        "nixpkgs-stable": "nixpkgs-stable"
      },
      "locked": {
        "lastModified": 1686668298,
        "narHash": "sha256-AADh9NqHh6X2LOem4BvI7oCkMm+JPCSCE7iIw5nn0VA=",
        "owner": "cachix",
        "repo": "pre-commit-hooks.nix",
        "rev": "5b6b54d3f722aa95cbf4ddbe35390a0af8c0015a",
        "type": "github"
      },
      "original": {
        "owner": "cachix",
        "repo": "pre-commit-hooks.nix",
        "type": "github"
      }
    },
    "root": {
      "inputs": {
        "helix-master": "helix-master",
        "home-manager": "home-manager",
        "nixpkgs": "nixpkgs_3",
        "rust-overlay": "rust-overlay_2",
        "system-manager": "system-manager",
        "utils": "utils"
      }
    },
    "rust-overlay": {
      "inputs": {
        "flake-utils": "flake-utils",
        "nixpkgs": [
          "helix-master",
          "nixpkgs"
        ]
      },
      "locked": {
        "lastModified": 1683771545,
        "narHash": "sha256-we0GYcKTo2jRQGmUGrzQ9VH0OYAUsJMCsK8UkF+vZUA=",
        "owner": "oxalica",
        "repo": "rust-overlay",
        "rev": "c57e210faf68e5d5386f18f1b17ad8365d25e4ed",
        "type": "github"
      },
      "original": {
        "owner": "oxalica",
        "repo": "rust-overlay",
        "type": "github"
      }
    },
    "rust-overlay_2": {
      "inputs": {
        "flake-utils": [
          "utils"
        ],
        "nixpkgs": [
          "nixpkgs"
        ]
      },
      "locked": {
        "lastModified": 1687833260,
        "narHash": "sha256-1AC7fV+u2C6uGn+t36W6XuE3Bfg/ZXMkr/yPogdtnVg=",
        "owner": "oxalica",
        "repo": "rust-overlay",
        "rev": "8af5d21ba69012d1cafaea3da40ac902e744a369",
        "type": "github"
      },
      "original": {
        "owner": "oxalica",
        "repo": "rust-overlay",
        "type": "github"
      }
    },
    "rust-overlay_3": {
      "inputs": {
        "flake-utils": [
          "system-manager",
          "flake-utils"
        ],
        "nixpkgs": [
          "system-manager",
          "nixpkgs"
        ]
      },
      "locked": {
        "lastModified": 1687141659,
        "narHash": "sha256-ckvEuxejYmFTyFF0u9CWV8h5u+ubuxA7vYrOw/GXRXg=",
        "owner": "oxalica",
        "repo": "rust-overlay",
        "rev": "86302751ef371597d48951983e1a2f04fe78d4ff",
        "type": "github"
      },
      "original": {
        "owner": "oxalica",
        "repo": "rust-overlay",
        "type": "github"
      }
    },
    "system-manager": {
      "inputs": {
        "crane": "crane_2",
        "devshell": "devshell",
        "flake-utils": [
          "utils"
        ],
        "nixpkgs": [
          "nixpkgs"
        ],
        "pre-commit-hooks": "pre-commit-hooks",
        "rust-overlay": "rust-overlay_3",
        "treefmt-nix": "treefmt-nix"
      },
      "locked": {
        "lastModified": 1687172097,
        "narHash": "sha256-dMtAvJal8CiAkOd0iuZCK5KFq+pYmrT58Pw0Mv2Ifk8=",
        "owner": "numtide",
        "repo": "system-manager",
        "rev": "c2176fdc839ab1e55de7547cc11750743d1dfd44",
        "type": "github"
      },
      "original": {
        "owner": "numtide",
        "repo": "system-manager",
        "type": "github"
      }
    },
    "systems": {
      "locked": {
        "lastModified": 1681028828,
        "narHash": "sha256-Vy1rq5AaRuLzOxct8nz4T6wlgyUR7zLU309k9mBC768=",
        "owner": "nix-systems",
        "repo": "default",
        "rev": "da67096a3b9bf56a91d16901293e51ba5b49a27e",
        "type": "github"
      },
      "original": {
        "owner": "nix-systems",
        "repo": "default",
        "type": "github"
      }
    },
    "systems_2": {
      "locked": {
        "lastModified": 1681028828,
        "narHash": "sha256-Vy1rq5AaRuLzOxct8nz4T6wlgyUR7zLU309k9mBC768=",
        "owner": "nix-systems",
        "repo": "default",
        "rev": "da67096a3b9bf56a91d16901293e51ba5b49a27e",
        "type": "github"
      },
      "original": {
        "owner": "nix-systems",
        "repo": "default",
        "type": "github"
      }
    },
    "systems_3": {
      "locked": {
        "lastModified": 1681028828,
        "narHash": "sha256-Vy1rq5AaRuLzOxct8nz4T6wlgyUR7zLU309k9mBC768=",
        "owner": "nix-systems",
        "repo": "default",
        "rev": "da67096a3b9bf56a91d16901293e51ba5b49a27e",
        "type": "github"
      },
      "original": {
        "owner": "nix-systems",
        "repo": "default",
        "type": "github"
      }
    },
    "treefmt-nix": {
      "inputs": {
        "nixpkgs": [
          "system-manager",
          "nixpkgs"
        ]
      },
      "locked": {
        "lastModified": 1685519364,
        "narHash": "sha256-rE9c9jWDSc5Nj0OjNzBENaJ6j4YBphcqSPia2IwCMLA=",
        "owner": "numtide",
        "repo": "treefmt-nix",
        "rev": "6521a278bcba66b440554cc1350403594367b4ac",
        "type": "github"
      },
      "original": {
        "owner": "numtide",
        "repo": "treefmt-nix",
        "type": "github"
      }
    },
    "utils": {
      "inputs": {
        "systems": "systems_3"
      },
      "locked": {
        "lastModified": 1687171271,
        "narHash": "sha256-BJlq+ozK2B1sJDQXS3tzJM5a+oVZmi1q0FlBK/Xqv7M=",
        "owner": "numtide",
        "repo": "flake-utils",
        "rev": "abfb11bd1aec8ced1c9bb9adfe68018230f4fb3c",
        "type": "github"
      },
      "original": {
        "owner": "numtide",
        "repo": "flake-utils",
        "type": "github"
      }
    }
  },
  "root": "root",
  "version": 7
}
