{
  "nodes": {
    "nixpkgs": {
      "locked": {
        "lastModified": 1685272473,
        "narHash": "sha256-oHNi6BgcGquKDkVN1/awsh+KLBey+Nj3ejTVH585upU=",
        "owner": "NixOS",
        "repo": "nixpkgs",
        "rev": "a7adeadc7d4033048592fac7c87ca888d2a99d31",
        "type": "github"
      },
      "original": {
        "id": "nixpkgs",
        "ref": "nixos-23.05",
        "type": "indirect"
      }
    },
    "root": {
      "inputs": {
        "nixpkgs": "nixpkgs"
      }
    }
  },
  "root": "root",
  "version": 7
}
